
Microsoft Visual Studio Solution File, Format Version 12.00
# Visual Studio Version 16
VisualStudioVersion = 16.0.29102.190
MinimumVisualStudioVersion = 10.0.40219.1
Project("{8BC9CEB8-8B4A-11D0-8D11-00A0C91BC942}") = "001.图像的显示修改和保存", "8.29.vcxproj", "{8C9CDBC5-B056-4EA0-9BEE-AAA560CB2084}"
EndProject
Project("{8BC9CEB8-8B4A-11D0-8D11-00A0C91BC942}") = "002.矩阵的掩膜操作", "..\002.矩阵的掩膜操作\002.矩阵的掩膜操作.vcxproj", "{78768334-7A78-4A04-A4F7-D8A8F40B069F}"
EndProject
Project("{8BC9CEB8-8B4A-11D0-8D11-00A0C91BC942}") = "003.Mat对象", "..\003.Mat对象\003.Mat对象.vcxproj", "{4A678A4C-9C47-4E84-B0C8-C2B438438A7D}"
EndProject
Project("{8BC9CEB8-8B4A-11D0-8D11-00A0C91BC942}") = "005.pixel demo", "..\005.pixel demo\005.pixel demo.vcxproj", "{5008CE64-BA9F-4807-B51D-A226C4FC074D}"
EndProject
Project("{8BC9CEB8-8B4A-11D0-8D11-00A0C91BC942}") = "006.图像混合", "006.图像混合\006.图像混合.vcxproj", "{0D4689D3-3566-45CB-A794-81038129571D}"
EndProject
Project("{8BC9CEB8-8B4A-11D0-8D11-00A0C91BC942}") = "007.调整图像亮度和对比度", "007.调整图像亮度和对比度\007.调整图像亮度和对比度.vcxproj", "{155CB6BB-9232-4358-88BE-96D83DAECA59}"
EndProject
Project("{8BC9CEB8-8B4A-11D0-8D11-00A0C91BC942}") = "008.绘制形状与文字", "008.绘制形状与文字\008.绘制形状与文字.vcxproj", "{DD03832C-0825-42E6-8366-175136E98F2C}"
EndProject
Project("{8BC9CEB8-8B4A-11D0-8D11-00A0C91BC942}") = "009.模糊图像1", "009.模糊图像1\009.模糊图像1.vcxproj", "{9DBFE594-58E6-4F5A-8283-45291740D66E}"
EndProject
Project("{8BC9CEB8-8B4A-11D0-8D11-00A0C91BC942}") = "010.模糊图像2", "010.模糊图像2\010.模糊图像2.vcxproj", "{056D676E-B469-4C09-8DAA-8C811EF381E3}"
EndProject
Project("{8BC9CEB8-8B4A-11D0-8D11-00A0C91BC942}") = "011.腐蚀与膨胀", "011.腐蚀与膨胀\011.腐蚀与膨胀.vcxproj", "{07035518-6F5B-4F03-8D00-FC87D8CD6CC7}"
EndProject
Project("{8BC9CEB8-8B4A-11D0-8D11-00A0C91BC942}") = "012.形态学操作", "012.形态学操作\012.形态学操作.vcxproj", "{04F4C9BA-52A5-4CC4-BB76-827350B16160}"
EndProject
Project("{8BC9CEB8-8B4A-11D0-8D11-00A0C91BC942}") = "013.提取水平线和垂直线", "013.提取水平线和垂直线\013.提取水平线和垂直线.vcxproj", "{D2921943-C8AD-4539-85F6-416F0BB46232}"
EndProject
Project("{8BC9CEB8-8B4A-11D0-8D11-00A0C91BC942}") = "014.图像上采样和降采样", "014.图像上采样和降采样\014.图像上采样和降采样.vcxproj", "{073F0129-5260-4E52-9FBE-7BA8D5BEABF5}"
EndProject
Project("{8BC9CEB8-8B4A-11D0-8D11-00A0C91BC942}") = "015.基本阈值操作", "015.基本阈值操作\015.基本阈值操作.vcxproj", "{D9B29AA0-52D1-4809-B989-A4C4A72806D5}"
EndProject
Project("{8BC9CEB8-8B4A-11D0-8D11-00A0C91BC942}") = "016.自定义线性滤波", "016.自定义线性滤波\016.自定义线性滤波.vcxproj", "{31940321-FF28-4E09-A017-50FC56A33D64}"
EndProject
Project("{8BC9CEB8-8B4A-11D0-8D11-00A0C91BC942}") = "017.处理边缘", "017.处理边缘\017.处理边缘.vcxproj", "{9B85DC05-8346-4C7A-A215-374EEC6CFCE5}"
EndProject
Project("{8BC9CEB8-8B4A-11D0-8D11-00A0C91BC942}") = "018.sobel", "018.sobel\018.sobel.vcxproj", "{F856ECD5-6098-4A1C-B2B8-FB83355B3C29}"
EndProject
Project("{8BC9CEB8-8B4A-11D0-8D11-00A0C91BC942}") = "019.laplance", "019.laplance\019.laplance.vcxproj", "{2C93F236-59AF-42B6-8840-BB583437F60B}"
EndProject
Project("{8BC9CEB8-8B4A-11D0-8D11-00A0C91BC942}") = "020.canny", "020.canny\020.canny.vcxproj", "{89742ADC-60CA-467B-8FE6-380F1063D80A}"
EndProject
Project("{8BC9CEB8-8B4A-11D0-8D11-00A0C91BC942}") = "021.霍夫变换houghlines", "021.霍夫变换houghlines\021.霍夫变换houghlines.vcxproj", "{69E09AF8-24E0-4AE5-8571-B996F3DC1EF6}"
EndProject
Project("{8BC9CEB8-8B4A-11D0-8D11-00A0C91BC942}") = "022.houghcircle", "022.houghcircle\022.houghcircle.vcxproj", "{79C1ADA7-6EAA-4FE0-B72E-3D0E8653C030}"
EndProject
Project("{8BC9CEB8-8B4A-11D0-8D11-00A0C91BC942}") = "023.像素重映射", "023.像素重映射\023.像素重映射.vcxproj", "{09A65E3E-F426-4649-9491-C89515BD0561}"
EndProject
Project("{8BC9CEB8-8B4A-11D0-8D11-00A0C91BC942}") = "024.histogram", "024.histogram\024.histogram.vcxproj", "{7331B983-0737-4F63-B800-67E9AA2B27DE}"
EndProject
Project("{8BC9CEB8-8B4A-11D0-8D11-00A0C91BC942}") = "025.直方图计算", "025.直方图计算\025.直方图计算.vcxproj", "{C9338E1E-8876-441B-AF6B-D6A6647C1D55}"
EndProject
Global
	GlobalSection(SolutionConfigurationPlatforms) = preSolution
		Debug|x64 = Debug|x64
		Debug|x86 = Debug|x86
		Release|x64 = Release|x64
		Release|x86 = Release|x86
	EndGlobalSection
	GlobalSection(ProjectConfigurationPlatforms) = postSolution
		{8C9CDBC5-B056-4EA0-9BEE-AAA560CB2084}.Debug|x64.ActiveCfg = Debug|x64
		{8C9CDBC5-B056-4EA0-9BEE-AAA560CB2084}.Debug|x64.Build.0 = Debug|x64
		{8C9CDBC5-B056-4EA0-9BEE-AAA560CB2084}.Debug|x86.ActiveCfg = Debug|Win32
		{8C9CDBC5-B056-4EA0-9BEE-AAA560CB2084}.Debug|x86.Build.0 = Debug|Win32
		{8C9CDBC5-B056-4EA0-9BEE-AAA560CB2084}.Release|x64.ActiveCfg = Release|x64
		{8C9CDBC5-B056-4EA0-9BEE-AAA560CB2084}.Release|x64.Build.0 = Release|x64
		{8C9CDBC5-B056-4EA0-9BEE-AAA560CB2084}.Release|x86.ActiveCfg = Release|Win32
		{8C9CDBC5-B056-4EA0-9BEE-AAA560CB2084}.Release|x86.Build.0 = Release|Win32
		{78768334-7A78-4A04-A4F7-D8A8F40B069F}.Debug|x64.ActiveCfg = Debug|x64
		{78768334-7A78-4A04-A4F7-D8A8F40B069F}.Debug|x64.Build.0 = Debug|x64
		{78768334-7A78-4A04-A4F7-D8A8F40B069F}.Debug|x86.ActiveCfg = Debug|Win32
		{78768334-7A78-4A04-A4F7-D8A8F40B069F}.Debug|x86.Build.0 = Debug|Win32
		{78768334-7A78-4A04-A4F7-D8A8F40B069F}.Release|x64.ActiveCfg = Release|x64
		{78768334-7A78-4A04-A4F7-D8A8F40B069F}.Release|x64.Build.0 = Release|x64
		{78768334-7A78-4A04-A4F7-D8A8F40B069F}.Release|x86.ActiveCfg = Release|Win32
		{78768334-7A78-4A04-A4F7-D8A8F40B069F}.Release|x86.Build.0 = Release|Win32
		{4A678A4C-9C47-4E84-B0C8-C2B438438A7D}.Debug|x64.ActiveCfg = Debug|x64
		{4A678A4C-9C47-4E84-B0C8-C2B438438A7D}.Debug|x64.Build.0 = Debug|x64
		{4A678A4C-9C47-4E84-B0C8-C2B438438A7D}.Debug|x86.ActiveCfg = Debug|Win32
		{4A678A4C-9C47-4E84-B0C8-C2B438438A7D}.Debug|x86.Build.0 = Debug|Win32
		{4A678A4C-9C47-4E84-B0C8-C2B438438A7D}.Release|x64.ActiveCfg = Release|x64
		{4A678A4C-9C47-4E84-B0C8-C2B438438A7D}.Release|x64.Build.0 = Release|x64
		{4A678A4C-9C47-4E84-B0C8-C2B438438A7D}.Release|x86.ActiveCfg = Release|Win32
		{4A678A4C-9C47-4E84-B0C8-C2B438438A7D}.Release|x86.Build.0 = Release|Win32
		{5008CE64-BA9F-4807-B51D-A226C4FC074D}.Debug|x64.ActiveCfg = Debug|x64
		{5008CE64-BA9F-4807-B51D-A226C4FC074D}.Debug|x64.Build.0 = Debug|x64
		{5008CE64-BA9F-4807-B51D-A226C4FC074D}.Debug|x86.ActiveCfg = Debug|Win32
		{5008CE64-BA9F-4807-B51D-A226C4FC074D}.Debug|x86.Build.0 = Debug|Win32
		{5008CE64-BA9F-4807-B51D-A226C4FC074D}.Release|x64.ActiveCfg = Release|x64
		{5008CE64-BA9F-4807-B51D-A226C4FC074D}.Release|x64.Build.0 = Release|x64
		{5008CE64-BA9F-4807-B51D-A226C4FC074D}.Release|x86.ActiveCfg = Release|Win32
		{5008CE64-BA9F-4807-B51D-A226C4FC074D}.Release|x86.Build.0 = Release|Win32
		{0D4689D3-3566-45CB-A794-81038129571D}.Debug|x64.ActiveCfg = Debug|x64
		{0D4689D3-3566-45CB-A794-81038129571D}.Debug|x64.Build.0 = Debug|x64
		{0D4689D3-3566-45CB-A794-81038129571D}.Debug|x86.ActiveCfg = Debug|Win32
		{0D4689D3-3566-45CB-A794-81038129571D}.Debug|x86.Build.0 = Debug|Win32
		{0D4689D3-3566-45CB-A794-81038129571D}.Release|x64.ActiveCfg = Release|x64
		{0D4689D3-3566-45CB-A794-81038129571D}.Release|x64.Build.0 = Release|x64
		{0D4689D3-3566-45CB-A794-81038129571D}.Release|x86.ActiveCfg = Release|Win32
		{0D4689D3-3566-45CB-A794-81038129571D}.Release|x86.Build.0 = Release|Win32
		{155CB6BB-9232-4358-88BE-96D83DAECA59}.Debug|x64.ActiveCfg = Debug|x64
		{155CB6BB-9232-4358-88BE-96D83DAECA59}.Debug|x64.Build.0 = Debug|x64
		{155CB6BB-9232-4358-88BE-96D83DAECA59}.Debug|x86.ActiveCfg = Debug|Win32
		{155CB6BB-9232-4358-88BE-96D83DAECA59}.Debug|x86.Build.0 = Debug|Win32
		{155CB6BB-9232-4358-88BE-96D83DAECA59}.Release|x64.ActiveCfg = Release|x64
		{155CB6BB-9232-4358-88BE-96D83DAECA59}.Release|x64.Build.0 = Release|x64
		{155CB6BB-9232-4358-88BE-96D83DAECA59}.Release|x86.ActiveCfg = Release|Win32
		{155CB6BB-9232-4358-88BE-96D83DAECA59}.Release|x86.Build.0 = Release|Win32
		{DD03832C-0825-42E6-8366-175136E98F2C}.Debug|x64.ActiveCfg = Debug|x64
		{DD03832C-0825-42E6-8366-175136E98F2C}.Debug|x64.Build.0 = Debug|x64
		{DD03832C-0825-42E6-8366-175136E98F2C}.Debug|x86.ActiveCfg = Debug|Win32
		{DD03832C-0825-42E6-8366-175136E98F2C}.Debug|x86.Build.0 = Debug|Win32
		{DD03832C-0825-42E6-8366-175136E98F2C}.Release|x64.ActiveCfg = Release|x64
		{DD03832C-0825-42E6-8366-175136E98F2C}.Release|x64.Build.0 = Release|x64
		{DD03832C-0825-42E6-8366-175136E98F2C}.Release|x86.ActiveCfg = Release|Win32
		{DD03832C-0825-42E6-8366-175136E98F2C}.Release|x86.Build.0 = Release|Win32
		{9DBFE594-58E6-4F5A-8283-45291740D66E}.Debug|x64.ActiveCfg = Debug|x64
		{9DBFE594-58E6-4F5A-8283-45291740D66E}.Debug|x64.Build.0 = Debug|x64
		{9DBFE594-58E6-4F5A-8283-45291740D66E}.Debug|x86.ActiveCfg = Debug|Win32
		{9DBFE594-58E6-4F5A-8283-45291740D66E}.Debug|x86.Build.0 = Debug|Win32
		{9DBFE594-58E6-4F5A-8283-45291740D66E}.Release|x64.ActiveCfg = Release|x64
		{9DBFE594-58E6-4F5A-8283-45291740D66E}.Release|x64.Build.0 = Release|x64
		{9DBFE594-58E6-4F5A-8283-45291740D66E}.Release|x86.ActiveCfg = Release|Win32
		{9DBFE594-58E6-4F5A-8283-45291740D66E}.Release|x86.Build.0 = Release|Win32
		{056D676E-B469-4C09-8DAA-8C811EF381E3}.Debug|x64.ActiveCfg = Debug|x64
		{056D676E-B469-4C09-8DAA-8C811EF381E3}.Debug|x64.Build.0 = Debug|x64
		{056D676E-B469-4C09-8DAA-8C811EF381E3}.Debug|x86.ActiveCfg = Debug|Win32
		{056D676E-B469-4C09-8DAA-8C811EF381E3}.Debug|x86.Build.0 = Debug|Win32
		{056D676E-B469-4C09-8DAA-8C811EF381E3}.Release|x64.ActiveCfg = Release|x64
		{056D676E-B469-4C09-8DAA-8C811EF381E3}.Release|x64.Build.0 = Release|x64
		{056D676E-B469-4C09-8DAA-8C811EF381E3}.Release|x86.ActiveCfg = Release|Win32
		{056D676E-B469-4C09-8DAA-8C811EF381E3}.Release|x86.Build.0 = Release|Win32
		{07035518-6F5B-4F03-8D00-FC87D8CD6CC7}.Debug|x64.ActiveCfg = Debug|x64
		{07035518-6F5B-4F03-8D00-FC87D8CD6CC7}.Debug|x64.Build.0 = Debug|x64
		{07035518-6F5B-4F03-8D00-FC87D8CD6CC7}.Debug|x86.ActiveCfg = Debug|Win32
		{07035518-6F5B-4F03-8D00-FC87D8CD6CC7}.Debug|x86.Build.0 = Debug|Win32
		{07035518-6F5B-4F03-8D00-FC87D8CD6CC7}.Release|x64.ActiveCfg = Release|x64
		{07035518-6F5B-4F03-8D00-FC87D8CD6CC7}.Release|x64.Build.0 = Release|x64
		{07035518-6F5B-4F03-8D00-FC87D8CD6CC7}.Release|x86.ActiveCfg = Release|Win32
		{07035518-6F5B-4F03-8D00-FC87D8CD6CC7}.Release|x86.Build.0 = Release|Win32
		{04F4C9BA-52A5-4CC4-BB76-827350B16160}.Debug|x64.ActiveCfg = Debug|x64
		{04F4C9BA-52A5-4CC4-BB76-827350B16160}.Debug|x64.Build.0 = Debug|x64
		{04F4C9BA-52A5-4CC4-BB76-827350B16160}.Debug|x86.ActiveCfg = Debug|Win32
		{04F4C9BA-52A5-4CC4-BB76-827350B16160}.Debug|x86.Build.0 = Debug|Win32
		{04F4C9BA-52A5-4CC4-BB76-827350B16160}.Release|x64.ActiveCfg = Release|x64
		{04F4C9BA-52A5-4CC4-BB76-827350B16160}.Release|x64.Build.0 = Release|x64
		{04F4C9BA-52A5-4CC4-BB76-827350B16160}.Release|x86.ActiveCfg = Release|Win32
		{04F4C9BA-52A5-4CC4-BB76-827350B16160}.Release|x86.Build.0 = Release|Win32
		{D2921943-C8AD-4539-85F6-416F0BB46232}.Debug|x64.ActiveCfg = Debug|x64
		{D2921943-C8AD-4539-85F6-416F0BB46232}.Debug|x64.Build.0 = Debug|x64
		{D2921943-C8AD-4539-85F6-416F0BB46232}.Debug|x86.ActiveCfg = Debug|Win32
		{D2921943-C8AD-4539-85F6-416F0BB46232}.Debug|x86.Build.0 = Debug|Win32
		{D2921943-C8AD-4539-85F6-416F0BB46232}.Release|x64.ActiveCfg = Release|x64
		{D2921943-C8AD-4539-85F6-416F0BB46232}.Release|x64.Build.0 = Release|x64
		{D2921943-C8AD-4539-85F6-416F0BB46232}.Release|x86.ActiveCfg = Release|Win32
		{D2921943-C8AD-4539-85F6-416F0BB46232}.Release|x86.Build.0 = Release|Win32
		{073F0129-5260-4E52-9FBE-7BA8D5BEABF5}.Debug|x64.ActiveCfg = Debug|x64
		{073F0129-5260-4E52-9FBE-7BA8D5BEABF5}.Debug|x64.Build.0 = Debug|x64
		{073F0129-5260-4E52-9FBE-7BA8D5BEABF5}.Debug|x86.ActiveCfg = Debug|Win32
		{073F0129-5260-4E52-9FBE-7BA8D5BEABF5}.Debug|x86.Build.0 = Debug|Win32
		{073F0129-5260-4E52-9FBE-7BA8D5BEABF5}.Release|x64.ActiveCfg = Release|x64
		{073F0129-5260-4E52-9FBE-7BA8D5BEABF5}.Release|x64.Build.0 = Release|x64
		{073F0129-5260-4E52-9FBE-7BA8D5BEABF5}.Release|x86.ActiveCfg = Release|Win32
		{073F0129-5260-4E52-9FBE-7BA8D5BEABF5}.Release|x86.Build.0 = Release|Win32
		{D9B29AA0-52D1-4809-B989-A4C4A72806D5}.Debug|x64.ActiveCfg = Debug|x64
		{D9B29AA0-52D1-4809-B989-A4C4A72806D5}.Debug|x64.Build.0 = Debug|x64
		{D9B29AA0-52D1-4809-B989-A4C4A72806D5}.Debug|x86.ActiveCfg = Debug|Win32
		{D9B29AA0-52D1-4809-B989-A4C4A72806D5}.Debug|x86.Build.0 = Debug|Win32
		{D9B29AA0-52D1-4809-B989-A4C4A72806D5}.Release|x64.ActiveCfg = Release|x64
		{D9B29AA0-52D1-4809-B989-A4C4A72806D5}.Release|x64.Build.0 = Release|x64
		{D9B29AA0-52D1-4809-B989-A4C4A72806D5}.Release|x86.ActiveCfg = Release|Win32
		{D9B29AA0-52D1-4809-B989-A4C4A72806D5}.Release|x86.Build.0 = Release|Win32
		{31940321-FF28-4E09-A017-50FC56A33D64}.Debug|x64.ActiveCfg = Debug|x64
		{31940321-FF28-4E09-A017-50FC56A33D64}.Debug|x64.Build.0 = Debug|x64
		{31940321-FF28-4E09-A017-50FC56A33D64}.Debug|x86.ActiveCfg = Debug|Win32
		{31940321-FF28-4E09-A017-50FC56A33D64}.Debug|x86.Build.0 = Debug|Win32
		{31940321-FF28-4E09-A017-50FC56A33D64}.Release|x64.ActiveCfg = Release|x64
		{31940321-FF28-4E09-A017-50FC56A33D64}.Release|x64.Build.0 = Release|x64
		{31940321-FF28-4E09-A017-50FC56A33D64}.Release|x86.ActiveCfg = Release|Win32
		{31940321-FF28-4E09-A017-50FC56A33D64}.Release|x86.Build.0 = Release|Win32
		{9B85DC05-8346-4C7A-A215-374EEC6CFCE5}.Debug|x64.ActiveCfg = Debug|x64
		{9B85DC05-8346-4C7A-A215-374EEC6CFCE5}.Debug|x64.Build.0 = Debug|x64
		{9B85DC05-8346-4C7A-A215-374EEC6CFCE5}.Debug|x86.ActiveCfg = Debug|Win32
		{9B85DC05-8346-4C7A-A215-374EEC6CFCE5}.Debug|x86.Build.0 = Debug|Win32
		{9B85DC05-8346-4C7A-A215-374EEC6CFCE5}.Release|x64.ActiveCfg = Release|x64
		{9B85DC05-8346-4C7A-A215-374EEC6CFCE5}.Release|x64.Build.0 = Release|x64
		{9B85DC05-8346-4C7A-A215-374EEC6CFCE5}.Release|x86.ActiveCfg = Release|Win32
		{9B85DC05-8346-4C7A-A215-374EEC6CFCE5}.Release|x86.Build.0 = Release|Win32
		{F856ECD5-6098-4A1C-B2B8-FB83355B3C29}.Debug|x64.ActiveCfg = Debug|x64
		{F856ECD5-6098-4A1C-B2B8-FB83355B3C29}.Debug|x64.Build.0 = Debug|x64
		{F856ECD5-6098-4A1C-B2B8-FB83355B3C29}.Debug|x86.ActiveCfg = Debug|Win32
		{F856ECD5-6098-4A1C-B2B8-FB83355B3C29}.Debug|x86.Build.0 = Debug|Win32
		{F856ECD5-6098-4A1C-B2B8-FB83355B3C29}.Release|x64.ActiveCfg = Release|x64
		{F856ECD5-6098-4A1C-B2B8-FB83355B3C29}.Release|x64.Build.0 = Release|x64
		{F856ECD5-6098-4A1C-B2B8-FB83355B3C29}.Release|x86.ActiveCfg = Release|Win32
		{F856ECD5-6098-4A1C-B2B8-FB83355B3C29}.Release|x86.Build.0 = Release|Win32
		{2C93F236-59AF-42B6-8840-BB583437F60B}.Debug|x64.ActiveCfg = Debug|x64
		{2C93F236-59AF-42B6-8840-BB583437F60B}.Debug|x64.Build.0 = Debug|x64
		{2C93F236-59AF-42B6-8840-BB583437F60B}.Debug|x86.ActiveCfg = Debug|Win32
		{2C93F236-59AF-42B6-8840-BB583437F60B}.Debug|x86.Build.0 = Debug|Win32
		{2C93F236-59AF-42B6-8840-BB583437F60B}.Release|x64.ActiveCfg = Release|x64
		{2C93F236-59AF-42B6-8840-BB583437F60B}.Release|x64.Build.0 = Release|x64
		{2C93F236-59AF-42B6-8840-BB583437F60B}.Release|x86.ActiveCfg = Release|Win32
		{2C93F236-59AF-42B6-8840-BB583437F60B}.Release|x86.Build.0 = Release|Win32
		{89742ADC-60CA-467B-8FE6-380F1063D80A}.Debug|x64.ActiveCfg = Debug|x64
		{89742ADC-60CA-467B-8FE6-380F1063D80A}.Debug|x64.Build.0 = Debug|x64
		{89742ADC-60CA-467B-8FE6-380F1063D80A}.Debug|x86.ActiveCfg = Debug|Win32
		{89742ADC-60CA-467B-8FE6-380F1063D80A}.Debug|x86.Build.0 = Debug|Win32
		{89742ADC-60CA-467B-8FE6-380F1063D80A}.Release|x64.ActiveCfg = Release|x64
		{89742ADC-60CA-467B-8FE6-380F1063D80A}.Release|x64.Build.0 = Release|x64
		{89742ADC-60CA-467B-8FE6-380F1063D80A}.Release|x86.ActiveCfg = Release|Win32
		{89742ADC-60CA-467B-8FE6-380F1063D80A}.Release|x86.Build.0 = Release|Win32
		{69E09AF8-24E0-4AE5-8571-B996F3DC1EF6}.Debug|x64.ActiveCfg = Debug|x64
		{69E09AF8-24E0-4AE5-8571-B996F3DC1EF6}.Debug|x64.Build.0 = Debug|x64
		{69E09AF8-24E0-4AE5-8571-B996F3DC1EF6}.Debug|x86.ActiveCfg = Debug|Win32
		{69E09AF8-24E0-4AE5-8571-B996F3DC1EF6}.Debug|x86.Build.0 = Debug|Win32
		{69E09AF8-24E0-4AE5-8571-B996F3DC1EF6}.Release|x64.ActiveCfg = Release|x64
		{69E09AF8-24E0-4AE5-8571-B996F3DC1EF6}.Release|x64.Build.0 = Release|x64
		{69E09AF8-24E0-4AE5-8571-B996F3DC1EF6}.Release|x86.ActiveCfg = Release|Win32
		{69E09AF8-24E0-4AE5-8571-B996F3DC1EF6}.Release|x86.Build.0 = Release|Win32
		{79C1ADA7-6EAA-4FE0-B72E-3D0E8653C030}.Debug|x64.ActiveCfg = Debug|x64
		{79C1ADA7-6EAA-4FE0-B72E-3D0E8653C030}.Debug|x64.Build.0 = Debug|x64
		{79C1ADA7-6EAA-4FE0-B72E-3D0E8653C030}.Debug|x86.ActiveCfg = Debug|Win32
		{79C1ADA7-6EAA-4FE0-B72E-3D0E8653C030}.Debug|x86.Build.0 = Debug|Win32
		{79C1ADA7-6EAA-4FE0-B72E-3D0E8653C030}.Release|x64.ActiveCfg = Release|x64
		{79C1ADA7-6EAA-4FE0-B72E-3D0E8653C030}.Release|x64.Build.0 = Release|x64
		{79C1ADA7-6EAA-4FE0-B72E-3D0E8653C030}.Release|x86.ActiveCfg = Release|Win32
		{79C1ADA7-6EAA-4FE0-B72E-3D0E8653C030}.Release|x86.Build.0 = Release|Win32
		{09A65E3E-F426-4649-9491-C89515BD0561}.Debug|x64.ActiveCfg = Debug|x64
		{09A65E3E-F426-4649-9491-C89515BD0561}.Debug|x64.Build.0 = Debug|x64
		{09A65E3E-F426-4649-9491-C89515BD0561}.Debug|x86.ActiveCfg = Debug|Win32
		{09A65E3E-F426-4649-9491-C89515BD0561}.Debug|x86.Build.0 = Debug|Win32
		{09A65E3E-F426-4649-9491-C89515BD0561}.Release|x64.ActiveCfg = Release|x64
		{09A65E3E-F426-4649-9491-C89515BD0561}.Release|x64.Build.0 = Release|x64
		{09A65E3E-F426-4649-9491-C89515BD0561}.Release|x86.ActiveCfg = Release|Win32
		{09A65E3E-F426-4649-9491-C89515BD0561}.Release|x86.Build.0 = Release|Win32
		{7331B983-0737-4F63-B800-67E9AA2B27DE}.Debug|x64.ActiveCfg = Debug|x64
		{7331B983-0737-4F63-B800-67E9AA2B27DE}.Debug|x64.Build.0 = Debug|x64
		{7331B983-0737-4F63-B800-67E9AA2B27DE}.Debug|x86.ActiveCfg = Debug|Win32
		{7331B983-0737-4F63-B800-67E9AA2B27DE}.Debug|x86.Build.0 = Debug|Win32
		{7331B983-0737-4F63-B800-67E9AA2B27DE}.Release|x64.ActiveCfg = Release|x64
		{7331B983-0737-4F63-B800-67E9AA2B27DE}.Release|x64.Build.0 = Release|x64
		{7331B983-0737-4F63-B800-67E9AA2B27DE}.Release|x86.ActiveCfg = Release|Win32
		{7331B983-0737-4F63-B800-67E9AA2B27DE}.Release|x86.Build.0 = Release|Win32
		{C9338E1E-8876-441B-AF6B-D6A6647C1D55}.Debug|x64.ActiveCfg = Debug|x64
		{C9338E1E-8876-441B-AF6B-D6A6647C1D55}.Debug|x64.Build.0 = Debug|x64
		{C9338E1E-8876-441B-AF6B-D6A6647C1D55}.Debug|x86.ActiveCfg = Debug|Win32
		{C9338E1E-8876-441B-AF6B-D6A6647C1D55}.Debug|x86.Build.0 = Debug|Win32
		{C9338E1E-8876-441B-AF6B-D6A6647C1D55}.Release|x64.ActiveCfg = Release|x64
		{C9338E1E-8876-441B-AF6B-D6A6647C1D55}.Release|x64.Build.0 = Release|x64
		{C9338E1E-8876-441B-AF6B-D6A6647C1D55}.Release|x86.ActiveCfg = Release|Win32
		{C9338E1E-8876-441B-AF6B-D6A6647C1D55}.Release|x86.Build.0 = Release|Win32
	EndGlobalSection
	GlobalSection(SolutionProperties) = preSolution
		HideSolutionNode = FALSE
	EndGlobalSection
	GlobalSection(ExtensibilityGlobals) = postSolution
		SolutionGuid = {A30C0C5D-E9CE-4F68-BA97-11F2F9E6A462}
	EndGlobalSection
EndGlobal
